
Microsoft Visual Studio Solution File, Format Version 12.00
# Visual Studio 15
VisualStudioVersion = 15.0.28010.2036
MinimumVisualStudioVersion = 10.0.40219.1
Project("{FAE04EC0-301F-11D3-BF4B-00C04F79EFBC}") = "WordFinder", "WordFinder\WordFinder.csproj", "{4296806A-1426-42E2-9731-CBD7D61D023F}"
EndProject
Project("{FAE04EC0-301F-11D3-BF4B-00C04F79EFBC}") = "WordFinderTests", "WordFinderTests\WordFinderTests.csproj", "{013CA8D9-0B9D-4F94-BB2E-E5BFB84CCAF6}"
EndProject
Global
	GlobalSection(SolutionConfigurationPlatforms) = preSolution
		Debug|Any CPU = Debug|Any CPU
		Release|Any CPU = Release|Any CPU
	EndGlobalSection
	GlobalSection(ProjectConfigurationPlatforms) = postSolution
		{4296806A-1426-42E2-9731-CBD7D61D023F}.Debug|Any CPU.ActiveCfg = Debug|Any CPU
		{4296806A-1426-42E2-9731-CBD7D61D023F}.Debug|Any CPU.Build.0 = Debug|Any CPU
		{4296806A-1426-42E2-9731-CBD7D61D023F}.Release|Any CPU.ActiveCfg = Release|Any CPU
		{4296806A-1426-42E2-9731-CBD7D61D023F}.Release|Any CPU.Build.0 = Release|Any CPU
		{013CA8D9-0B9D-4F94-BB2E-E5BFB84CCAF6}.Debug|Any CPU.ActiveCfg = Debug|Any CPU
		{013CA8D9-0B9D-4F94-BB2E-E5BFB84CCAF6}.Debug|Any CPU.Build.0 = Debug|Any CPU
		{013CA8D9-0B9D-4F94-BB2E-E5BFB84CCAF6}.Release|Any CPU.ActiveCfg = Release|Any CPU
		{013CA8D9-0B9D-4F94-BB2E-E5BFB84CCAF6}.Release|Any CPU.Build.0 = Release|Any CPU
	EndGlobalSection
	GlobalSection(SolutionProperties) = preSolution
		HideSolutionNode = FALSE
	EndGlobalSection
	GlobalSection(ExtensibilityGlobals) = postSolution
		SolutionGuid = {DA1B0A16-E0ED-4982-BEE5-403B5E2B0E19}
	EndGlobalSection
EndGlobal
